
Microsoft Visual Studio Solution File, Format Version 12.00
# Visual Studio Version 16
VisualStudioVersion = 16.0.31005.135
MinimumVisualStudioVersion = 10.0.40219.1
Project("{FAE04EC0-301F-11D3-BF4B-00C04F79EFBC}") = "MuziekOef", "MuziekOef\MuziekOef.csproj", "{05651A4B-5601-4603-B217-AC8E53FB5B9F}"
EndProject
Global
	GlobalSection(SolutionConfigurationPlatforms) = preSolution
		Debug|Any CPU = Debug|Any CPU
		Release|Any CPU = Release|Any CPU
	EndGlobalSection
	GlobalSection(ProjectConfigurationPlatforms) = postSolution
		{05651A4B-5601-4603-B217-AC8E53FB5B9F}.Debug|Any CPU.ActiveCfg = Debug|Any CPU
		{05651A4B-5601-4603-B217-AC8E53FB5B9F}.Debug|Any CPU.Build.0 = Debug|Any CPU
		{05651A4B-5601-4603-B217-AC8E53FB5B9F}.Release|Any CPU.ActiveCfg = Release|Any CPU
		{05651A4B-5601-4603-B217-AC8E53FB5B9F}.Release|Any CPU.Build.0 = Release|Any CPU
	EndGlobalSection
	GlobalSection(SolutionProperties) = preSolution
		HideSolutionNode = FALSE
	EndGlobalSection
	GlobalSection(ExtensibilityGlobals) = postSolution
		SolutionGuid = {B5BEA9B8-BB4D-4BD2-97E5-FF9951DBD1D3}
	EndGlobalSection
EndGlobal
